
Microsoft Visual Studio Solution File, Format Version 12.00
# Visual Studio Version 16
VisualStudioVersion = 16.0.28803.156
MinimumVisualStudioVersion = 10.0.40219.1
Project("{2150E333-8FDC-42A3-9474-1A3956D46DE8}") = "Solution Items", "Solution Items", "{044AC2DE-7D9D-4C1A-8C83-38AF448B5A61}"
	ProjectSection(SolutionItems) = preProject
		.gitignore = .gitignore
		NuGet.config = NuGet.config
		package.json = package.json
		README.md = README.md
	EndProjectSection
EndProject
Project("{9A19103F-16F7-4668-BE54-9A1E7A4F7556}") = "PopForums.Web", "src\PopForums.Web\PopForums.Web.csproj", "{78900BC9-3B9B-42C1-9112-8412A7AACFB7}"
EndProject
Project("{9A19103F-16F7-4668-BE54-9A1E7A4F7556}") = "PopForums", "src\PopForums\PopForums.csproj", "{1787FE89-F023-482E-ABBA-996554DD332D}"
EndProject
Project("{9A19103F-16F7-4668-BE54-9A1E7A4F7556}") = "PopForums.Sql", "src\PopForums.Sql\PopForums.Sql.csproj", "{229CDD35-A4A5-44F2-8937-61AB286D6A77}"
EndProject
Project("{9A19103F-16F7-4668-BE54-9A1E7A4F7556}") = "PopForums.Test", "src\PopForums.Test\PopForums.Test.csproj", "{AB4006F4-F457-490B-B9FC-8DE9CDA67127}"
EndProject
Project("{9A19103F-16F7-4668-BE54-9A1E7A4F7556}") = "PopForums.AzureKit", "src\PopForums.AzureKit\PopForums.AzureKit.csproj", "{C3E4460C-E785-4FF4-AFAF-07AF2EA8812D}"
EndProject
Project("{9A19103F-16F7-4668-BE54-9A1E7A4F7556}") = "PopForums.Mvc", "src\PopForums.Mvc\PopForums.Mvc.csproj", "{0AE33580-28F6-41CB-B757-56E02394F645}"
EndProject
Project("{9A19103F-16F7-4668-BE54-9A1E7A4F7556}") = "PopForums.AwsKit", "src\PopForums.AwsKit\PopForums.AwsKit.csproj", "{20986460-15F5-4C08-BAE2-226F12B1CB23}"
EndProject
Project("{9A19103F-16F7-4668-BE54-9A1E7A4F7556}") = "PopForums.AzureKit.Functions", "src\PopForums.AzureKit.Functions\PopForums.AzureKit.Functions.csproj", "{D50E69CC-5070-41DD-A881-20D29B1913EE}"
EndProject
Global
	GlobalSection(SolutionConfigurationPlatforms) = preSolution
		CI|Any CPU = CI|Any CPU
		Debug|Any CPU = Debug|Any CPU
		Release|Any CPU = Release|Any CPU
	EndGlobalSection
	GlobalSection(ProjectConfigurationPlatforms) = postSolution
		{78900BC9-3B9B-42C1-9112-8412A7AACFB7}.CI|Any CPU.ActiveCfg = Release|Any CPU
		{78900BC9-3B9B-42C1-9112-8412A7AACFB7}.CI|Any CPU.Build.0 = Release|Any CPU
		{78900BC9-3B9B-42C1-9112-8412A7AACFB7}.Debug|Any CPU.ActiveCfg = Debug|Any CPU
		{78900BC9-3B9B-42C1-9112-8412A7AACFB7}.Debug|Any CPU.Build.0 = Debug|Any CPU
		{78900BC9-3B9B-42C1-9112-8412A7AACFB7}.Release|Any CPU.ActiveCfg = Release|Any CPU
		{78900BC9-3B9B-42C1-9112-8412A7AACFB7}.Release|Any CPU.Build.0 = Release|Any CPU
		{1787FE89-F023-482E-ABBA-996554DD332D}.CI|Any CPU.ActiveCfg = Release|Any CPU
		{1787FE89-F023-482E-ABBA-996554DD332D}.CI|Any CPU.Build.0 = Release|Any CPU
		{1787FE89-F023-482E-ABBA-996554DD332D}.Debug|Any CPU.ActiveCfg = Debug|Any CPU
		{1787FE89-F023-482E-ABBA-996554DD332D}.Debug|Any CPU.Build.0 = Debug|Any CPU
		{1787FE89-F023-482E-ABBA-996554DD332D}.Release|Any CPU.ActiveCfg = Release|Any CPU
		{1787FE89-F023-482E-ABBA-996554DD332D}.Release|Any CPU.Build.0 = Release|Any CPU
		{229CDD35-A4A5-44F2-8937-61AB286D6A77}.CI|Any CPU.ActiveCfg = Release|Any CPU
		{229CDD35-A4A5-44F2-8937-61AB286D6A77}.CI|Any CPU.Build.0 = Release|Any CPU
		{229CDD35-A4A5-44F2-8937-61AB286D6A77}.Debug|Any CPU.ActiveCfg = Debug|Any CPU
		{229CDD35-A4A5-44F2-8937-61AB286D6A77}.Debug|Any CPU.Build.0 = Debug|Any CPU
		{229CDD35-A4A5-44F2-8937-61AB286D6A77}.Release|Any CPU.ActiveCfg = Release|Any CPU
		{229CDD35-A4A5-44F2-8937-61AB286D6A77}.Release|Any CPU.Build.0 = Release|Any CPU
		{AB4006F4-F457-490B-B9FC-8DE9CDA67127}.CI|Any CPU.ActiveCfg = Debug|Any CPU
		{AB4006F4-F457-490B-B9FC-8DE9CDA67127}.CI|Any CPU.Build.0 = Debug|Any CPU
		{AB4006F4-F457-490B-B9FC-8DE9CDA67127}.Debug|Any CPU.ActiveCfg = Debug|Any CPU
		{AB4006F4-F457-490B-B9FC-8DE9CDA67127}.Debug|Any CPU.Build.0 = Debug|Any CPU
		{AB4006F4-F457-490B-B9FC-8DE9CDA67127}.Release|Any CPU.ActiveCfg = Release|Any CPU
		{AB4006F4-F457-490B-B9FC-8DE9CDA67127}.Release|Any CPU.Build.0 = Release|Any CPU
		{C3E4460C-E785-4FF4-AFAF-07AF2EA8812D}.CI|Any CPU.ActiveCfg = Debug|Any CPU
		{C3E4460C-E785-4FF4-AFAF-07AF2EA8812D}.CI|Any CPU.Build.0 = Debug|Any CPU
		{C3E4460C-E785-4FF4-AFAF-07AF2EA8812D}.Debug|Any CPU.ActiveCfg = Debug|Any CPU
		{C3E4460C-E785-4FF4-AFAF-07AF2EA8812D}.Debug|Any CPU.Build.0 = Debug|Any CPU
		{C3E4460C-E785-4FF4-AFAF-07AF2EA8812D}.Release|Any CPU.ActiveCfg = Release|Any CPU
		{C3E4460C-E785-4FF4-AFAF-07AF2EA8812D}.Release|Any CPU.Build.0 = Release|Any CPU
		{0AE33580-28F6-41CB-B757-56E02394F645}.CI|Any CPU.ActiveCfg = Debug|Any CPU
		{0AE33580-28F6-41CB-B757-56E02394F645}.CI|Any CPU.Build.0 = Debug|Any CPU
		{0AE33580-28F6-41CB-B757-56E02394F645}.Debug|Any CPU.ActiveCfg = Debug|Any CPU
		{0AE33580-28F6-41CB-B757-56E02394F645}.Debug|Any CPU.Build.0 = Debug|Any CPU
		{0AE33580-28F6-41CB-B757-56E02394F645}.Release|Any CPU.ActiveCfg = Release|Any CPU
		{0AE33580-28F6-41CB-B757-56E02394F645}.Release|Any CPU.Build.0 = Release|Any CPU
		{20986460-15F5-4C08-BAE2-226F12B1CB23}.CI|Any CPU.ActiveCfg = Debug|Any CPU
		{20986460-15F5-4C08-BAE2-226F12B1CB23}.CI|Any CPU.Build.0 = Debug|Any CPU
		{20986460-15F5-4C08-BAE2-226F12B1CB23}.Debug|Any CPU.ActiveCfg = Debug|Any CPU
		{20986460-15F5-4C08-BAE2-226F12B1CB23}.Debug|Any CPU.Build.0 = Debug|Any CPU
		{20986460-15F5-4C08-BAE2-226F12B1CB23}.Release|Any CPU.ActiveCfg = Release|Any CPU
		{20986460-15F5-4C08-BAE2-226F12B1CB23}.Release|Any CPU.Build.0 = Release|Any CPU
		{D50E69CC-5070-41DD-A881-20D29B1913EE}.CI|Any CPU.ActiveCfg = Debug|Any CPU
		{D50E69CC-5070-41DD-A881-20D29B1913EE}.CI|Any CPU.Build.0 = Debug|Any CPU
		{D50E69CC-5070-41DD-A881-20D29B1913EE}.Debug|Any CPU.ActiveCfg = Debug|Any CPU
		{D50E69CC-5070-41DD-A881-20D29B1913EE}.Debug|Any CPU.Build.0 = Debug|Any CPU
		{D50E69CC-5070-41DD-A881-20D29B1913EE}.Release|Any CPU.ActiveCfg = Release|Any CPU
		{D50E69CC-5070-41DD-A881-20D29B1913EE}.Release|Any CPU.Build.0 = Release|Any CPU
	EndGlobalSection
	GlobalSection(SolutionProperties) = preSolution
		HideSolutionNode = FALSE
	EndGlobalSection
	GlobalSection(ExtensibilityGlobals) = postSolution
		SolutionGuid = {DC971413-E75E-4D0A-8189-B71EE5DBAED1}
	EndGlobalSection
EndGlobal
